PODS:
  - OCMapper (2.1)
  - SkeletonView (1.21.2)

DEPENDENCIES:
  - OCMapper
  - SkeletonView

SPEC REPOS:
  trunk:
    - OCMapper
    - SkeletonView

SPEC CHECKSUMS:
  OCMapper: fa22e7b51de7cc38e66b993037076d28a0f31b29
  SkeletonView: a085533443fed0198309f1979780afb6e80eaedd

PODFILE CHECKSUM: cee53d04b6f6a696a025ead92a3bd8ed974c6bcf

COCOAPODS: 1.10.1
