PODS:
  - SDWebImage (5.11.1):
    - SDWebImage/Core (= 5.11.1)
  - SDWebImage/Core (5.11.1)
  - SkeletonView (1.21.1)

DEPENDENCIES:
  - SDWebImage
  - SkeletonView

SPEC REPOS:
  trunk:
    - SDWebImage
    - SkeletonView

SPEC CHECKSUMS:
  SDWebImage: a7f831e1a65eb5e285e3fb046a23fcfbf08e696d
  SkeletonView: 5b79eb6e09d2a7f3d2e620d34ff97510a1c763e9

PODFILE CHECKSUM: 2ba0de7b7865354bcf83baad96b59f0e9dc19279

COCOAPODS: 1.10.1
