// !$*UTF8*$!
{
	archiveVersion = 1;
	classes = {
	};
	objectVersion = 51;
	objects = {

/* Begin PBXBuildFile section */
		E2244D32D86EF8A217226839 /* Pods_Hypori_MHTests.framework in Frameworks */ = {isa = PBXBuildFile; fileRef = ECD00C1FDBE123811987FF37 /* Pods_Hypori_MHTests.framework */; };
		E65624FB26AC74AD00F3C969 /* NetworkClient.h in Headers */ = {isa = PBXBuildFile; fileRef = E6E278B026AAF417002E58E9 /* NetworkClient.h */; settings = {ATTRIBUTES = (Public, ); }; };
		E65624FE26ACA5B400F3C969 /* StarWarsAPITests.m in Sources */ = {isa = PBXBuildFile; fileRef = E65624FD26ACA5B400F3C969 /* StarWarsAPITests.m */; };
		E656250126ACA5E200F3C969 /* StarWarsAPI+Mock.m in Sources */ = {isa = PBXBuildFile; fileRef = E656250026ACA5E200F3C969 /* StarWarsAPI+Mock.m */; };
		E656250526AD75A000F3C969 /* NSArray+Map.h in Headers */ = {isa = PBXBuildFile; fileRef = E656250326AD75A000F3C969 /* NSArray+Map.h */; };
		E656250626AD75A000F3C969 /* NSArray+Map.m in Sources */ = {isa = PBXBuildFile; fileRef = E656250426AD75A000F3C969 /* NSArray+Map.m */; };
		E656250B26AD79B100F3C969 /* NSObject+Mappable.h in Headers */ = {isa = PBXBuildFile; fileRef = E656250926AD79B100F3C969 /* NSObject+Mappable.h */; };
		E656250C26AD79B100F3C969 /* NSObject+Mappable.m in Sources */ = {isa = PBXBuildFile; fileRef = E656250A26AD79B100F3C969 /* NSObject+Mappable.m */; };
		E656250E26AD7B0400F3C969 /* Mappable.h in Headers */ = {isa = PBXBuildFile; fileRef = E656250D26AD7B0400F3C969 /* Mappable.h */; };
		E656251326AD7ED200F3C969 /* InCodeMappingProvider+URL.h in Headers */ = {isa = PBXBuildFile; fileRef = E656251126AD7ED200F3C969 /* InCodeMappingProvider+URL.h */; };
		E656251426AD7ED200F3C969 /* InCodeMappingProvider+URL.m in Sources */ = {isa = PBXBuildFile; fileRef = E656251226AD7ED200F3C969 /* InCodeMappingProvider+URL.m */; };
		E656251726AD8F4C00F3C969 /* InCodeMappingProvider+ISO8601.h in Headers */ = {isa = PBXBuildFile; fileRef = E656251526AD8F4C00F3C969 /* InCodeMappingProvider+ISO8601.h */; };
		E656251826AD8F4C00F3C969 /* InCodeMappingProvider+ISO8601.m in Sources */ = {isa = PBXBuildFile; fileRef = E656251626AD8F4C00F3C969 /* InCodeMappingProvider+ISO8601.m */; };
		E656251C26AD913800F3C969 /* StarWarsDomainService.h in Headers */ = {isa = PBXBuildFile; fileRef = E656251A26AD913700F3C969 /* StarWarsDomainService.h */; };
		E656251D26AD913800F3C969 /* StarWarsDomainService.m in Sources */ = {isa = PBXBuildFile; fileRef = E656251B26AD913700F3C969 /* StarWarsDomainService.m */; };
		E656252426AD92DD00F3C969 /* StarWarsDomainServiceInMemoryState.h in Headers */ = {isa = PBXBuildFile; fileRef = E656252226AD92DD00F3C969 /* StarWarsDomainServiceInMemoryState.h */; };
		E656252526AD92DD00F3C969 /* StarWarsDomainServiceInMemoryState.m in Sources */ = {isa = PBXBuildFile; fileRef = E656252326AD92DD00F3C969 /* StarWarsDomainServiceInMemoryState.m */; };
		E656252726AD930D00F3C969 /* StarWarsDomainServiceState.h in Headers */ = {isa = PBXBuildFile; fileRef = E656252626AD930D00F3C969 /* StarWarsDomainServiceState.h */; };
		E656252926AD949900F3C969 /* StarWarsDomainServiceTests.m in Sources */ = {isa = PBXBuildFile; fileRef = E656252826AD949900F3C969 /* StarWarsDomainServiceTests.m */; };
		E6E2787026AAE0CD002E58E9 /* AppDelegate.m in Sources */ = {isa = PBXBuildFile; fileRef = E6E2786F26AAE0CD002E58E9 /* AppDelegate.m */; };
		E6E2787926AAE0CD002E58E9 /* Main.storyboard in Resources */ = {isa = PBXBuildFile; fileRef = E6E2787726AAE0CD002E58E9 /* Main.storyboard */; };
		E6E2787B26AAE0D1002E58E9 /* Assets.xcassets in Resources */ = {isa = PBXBuildFile; fileRef = E6E2787A26AAE0D1002E58E9 /* Assets.xcassets */; };
		E6E2787E26AAE0D1002E58E9 /* LaunchScreen.storyboard in Resources */ = {isa = PBXBuildFile; fileRef = E6E2787C26AAE0D1002E58E9 /* LaunchScreen.storyboard */; };
		E6E2788126AAE0D1002E58E9 /* main.m in Sources */ = {isa = PBXBuildFile; fileRef = E6E2788026AAE0D1002E58E9 /* main.m */; };
		E6E2788B26AAE0D2002E58E9 /* Hypori_MHTests.m in Sources */ = {isa = PBXBuildFile; fileRef = E6E2788A26AAE0D2002E58E9 /* Hypori_MHTests.m */; };
		E6E278A626AAE857002E58E9 /* FilmsViewController.m in Sources */ = {isa = PBXBuildFile; fileRef = E6E278A526AAE857002E58E9 /* FilmsViewController.m */; };
		E6E278AD26AAF3BE002E58E9 /* StarWarsAPI.m in Sources */ = {isa = PBXBuildFile; fileRef = E6E278AC26AAF3BE002E58E9 /* StarWarsAPI.m */; };
		E6E278B226AAF417002E58E9 /* NetworkClient.m in Sources */ = {isa = PBXBuildFile; fileRef = E6E278B126AAF417002E58E9 /* NetworkClient.m */; };
		E6E278B926AAF820002E58E9 /* NSURLSessionTask+Cancellable.m in Sources */ = {isa = PBXBuildFile; fileRef = E6E278B826AAF820002E58E9 /* NSURLSessionTask+Cancellable.m */; };
		E6E278BC26AAF877002E58E9 /* AnyCancellable.m in Sources */ = {isa = PBXBuildFile; fileRef = E6E278BB26AAF877002E58E9 /* AnyCancellable.m */; };
		E6E278C026AC2180002E58E9 /* Page.m in Sources */ = {isa = PBXBuildFile; fileRef = E6E278BF26AC2180002E58E9 /* Page.m */; };
		E6E278C326AC218B002E58E9 /* Film.m in Sources */ = {isa = PBXBuildFile; fileRef = E6E278C226AC218B002E58E9 /* Film.m */; };
		E6E278C626AC331E002E58E9 /* NSError+API.m in Sources */ = {isa = PBXBuildFile; fileRef = E6E278C526AC331E002E58E9 /* NSError+API.m */; };
		E6E278CA26AC3544002E58E9 /* MockNetworkClient.m in Sources */ = {isa = PBXBuildFile; fileRef = E6E278C926AC3544002E58E9 /* MockNetworkClient.m */; };
		E6E278CE26AC361D002E58E9 /* APIMocks.bundle in Resources */ = {isa = PBXBuildFile; fileRef = E6E278CD26AC361D002E58E9 /* APIMocks.bundle */; };
		F9F1293C9481B3321C9E86C9 /* Pods_Hypori_MH_iOS_Hypori_MH.framework in Frameworks */ = {isa = PBXBuildFile; fileRef = 84B73ED5FCA9F90034155126 /* Pods_Hypori_MH_iOS_Hypori_MH.framework */; };
/* End PBXBuildFile section */

/* Begin PBXContainerItemProxy section */
		E6E2788726AAE0D2002E58E9 /* PBXContainerItemProxy */ = {
			isa = PBXContainerItemProxy;
			containerPortal = E6E2786326AAE0CD002E58E9 /* Project object */;
			proxyType = 1;
			remoteGlobalIDString = E6E2786A26AAE0CD002E58E9;
			remoteInfo = "Hypori-MH";
		};
/* End PBXContainerItemProxy section */

/* Begin PBXFileReference section */
		55B8F30BB81369AF6ED33F31 /* Pods-Hypori-MHTests.debug.xcconfig */ = {isa = PBXFileReference; includeInIndex = 1; lastKnownFileType = text.xcconfig; name = "Pods-Hypori-MHTests.debug.xcconfig"; path = "Target Support Files/Pods-Hypori-MHTests/Pods-Hypori-MHTests.debug.xcconfig"; sourceTree = "<group>"; };
		69F101CFCB3324C81C18B5AC /* Pods-Hypori-MHTests.release.xcconfig */ = {isa = PBXFileReference; includeInIndex = 1; lastKnownFileType = text.xcconfig; name = "Pods-Hypori-MHTests.release.xcconfig"; path = "Target Support Files/Pods-Hypori-MHTests/Pods-Hypori-MHTests.release.xcconfig"; sourceTree = "<group>"; };
		84B73ED5FCA9F90034155126 /* Pods_Hypori_MH_iOS_Hypori_MH.framework */ = {isa = PBXFileReference; explicitFileType = wrapper.framework; includeInIndex = 0; path = Pods_Hypori_MH_iOS_Hypori_MH.framework; sourceTree = BUILT_PRODUCTS_DIR; };
		BB168BA0C1B9385AECB709C1 /* Pods-Hypori-MH-iOS-Hypori-MH.debug.xcconfig */ = {isa = PBXFileReference; includeInIndex = 1; lastKnownFileType = text.xcconfig; name = "Pods-Hypori-MH-iOS-Hypori-MH.debug.xcconfig"; path = "Target Support Files/Pods-Hypori-MH-iOS-Hypori-MH/Pods-Hypori-MH-iOS-Hypori-MH.debug.xcconfig"; sourceTree = "<group>"; };
		E65624FD26ACA5B400F3C969 /* StarWarsAPITests.m */ = {isa = PBXFileReference; lastKnownFileType = sourcecode.c.objc; path = StarWarsAPITests.m; sourceTree = "<group>"; };
		E65624FF26ACA5E200F3C969 /* StarWarsAPI+Mock.h */ = {isa = PBXFileReference; lastKnownFileType = sourcecode.c.h; path = "StarWarsAPI+Mock.h"; sourceTree = "<group>"; };
		E656250026ACA5E200F3C969 /* StarWarsAPI+Mock.m */ = {isa = PBXFileReference; lastKnownFileType = sourcecode.c.objc; path = "StarWarsAPI+Mock.m"; sourceTree = "<group>"; };
		E656250326AD75A000F3C969 /* NSArray+Map.h */ = {isa = PBXFileReference; lastKnownFileType = sourcecode.c.h; path = "NSArray+Map.h"; sourceTree = "<group>"; };
		E656250426AD75A000F3C969 /* NSArray+Map.m */ = {isa = PBXFileReference; lastKnownFileType = sourcecode.c.objc; path = "NSArray+Map.m"; sourceTree = "<group>"; };
		E656250926AD79B100F3C969 /* NSObject+Mappable.h */ = {isa = PBXFileReference; lastKnownFileType = sourcecode.c.h; path = "NSObject+Mappable.h"; sourceTree = "<group>"; };
		E656250A26AD79B100F3C969 /* NSObject+Mappable.m */ = {isa = PBXFileReference; lastKnownFileType = sourcecode.c.objc; path = "NSObject+Mappable.m"; sourceTree = "<group>"; };
		E656250D26AD7B0400F3C969 /* Mappable.h */ = {isa = PBXFileReference; fileEncoding = 4; lastKnownFileType = sourcecode.c.h; path = Mappable.h; sourceTree = "<group>"; };
		E656251126AD7ED200F3C969 /* InCodeMappingProvider+URL.h */ = {isa = PBXFileReference; lastKnownFileType = sourcecode.c.h; path = "InCodeMappingProvider+URL.h"; sourceTree = "<group>"; };
		E656251226AD7ED200F3C969 /* InCodeMappingProvider+URL.m */ = {isa = PBXFileReference; lastKnownFileType = sourcecode.c.objc; path = "InCodeMappingProvider+URL.m"; sourceTree = "<group>"; };
		E656251526AD8F4C00F3C969 /* InCodeMappingProvider+ISO8601.h */ = {isa = PBXFileReference; lastKnownFileType = sourcecode.c.h; path = "InCodeMappingProvider+ISO8601.h"; sourceTree = "<group>"; };
		E656251626AD8F4C00F3C969 /* InCodeMappingProvider+ISO8601.m */ = {isa = PBXFileReference; lastKnownFileType = sourcecode.c.objc; path = "InCodeMappingProvider+ISO8601.m"; sourceTree = "<group>"; };
		E656251A26AD913700F3C969 /* StarWarsDomainService.h */ = {isa = PBXFileReference; lastKnownFileType = sourcecode.c.h; path = StarWarsDomainService.h; sourceTree = "<group>"; };
		E656251B26AD913700F3C969 /* StarWarsDomainService.m */ = {isa = PBXFileReference; lastKnownFileType = sourcecode.c.objc; path = StarWarsDomainService.m; sourceTree = "<group>"; };
		E656252226AD92DD00F3C969 /* StarWarsDomainServiceInMemoryState.h */ = {isa = PBXFileReference; lastKnownFileType = sourcecode.c.h; path = StarWarsDomainServiceInMemoryState.h; sourceTree = "<group>"; };
		E656252326AD92DD00F3C969 /* StarWarsDomainServiceInMemoryState.m */ = {isa = PBXFileReference; lastKnownFileType = sourcecode.c.objc; path = StarWarsDomainServiceInMemoryState.m; sourceTree = "<group>"; };
		E656252626AD930D00F3C969 /* StarWarsDomainServiceState.h */ = {isa = PBXFileReference; lastKnownFileType = sourcecode.c.h; path = StarWarsDomainServiceState.h; sourceTree = "<group>"; };
		E656252826AD949900F3C969 /* StarWarsDomainServiceTests.m */ = {isa = PBXFileReference; lastKnownFileType = sourcecode.c.objc; path = StarWarsDomainServiceTests.m; sourceTree = "<group>"; };
		E6E2786B26AAE0CD002E58E9 /* Hypori-MH.app */ = {isa = PBXFileReference; explicitFileType = wrapper.application; includeInIndex = 0; path = "Hypori-MH.app"; sourceTree = BUILT_PRODUCTS_DIR; };
		E6E2786E26AAE0CD002E58E9 /* AppDelegate.h */ = {isa = PBXFileReference; lastKnownFileType = sourcecode.c.h; path = AppDelegate.h; sourceTree = "<group>"; };
		E6E2786F26AAE0CD002E58E9 /* AppDelegate.m */ = {isa = PBXFileReference; lastKnownFileType = sourcecode.c.objc; path = AppDelegate.m; sourceTree = "<group>"; };
		E6E2787826AAE0CD002E58E9 /* Base */ = {isa = PBXFileReference; lastKnownFileType = file.storyboard; name = Base; path = Base.lproj/Main.storyboard; sourceTree = "<group>"; };
		E6E2787A26AAE0D1002E58E9 /* Assets.xcassets */ = {isa = PBXFileReference; lastKnownFileType = folder.assetcatalog; path = Assets.xcassets; sourceTree = "<group>"; };
		E6E2787D26AAE0D1002E58E9 /* Base */ = {isa = PBXFileReference; lastKnownFileType = file.storyboard; name = Base; path = Base.lproj/LaunchScreen.storyboard; sourceTree = "<group>"; };
		E6E2787F26AAE0D1002E58E9 /* Info.plist */ = {isa = PBXFileReference; lastKnownFileType = text.plist.xml; path = Info.plist; sourceTree = "<group>"; };
		E6E2788026AAE0D1002E58E9 /* main.m */ = {isa = PBXFileReference; lastKnownFileType = sourcecode.c.objc; path = main.m; sourceTree = "<group>"; };
		E6E2788626AAE0D2002E58E9 /* Hypori-MHTests.xctest */ = {isa = PBXFileReference; explicitFileType = wrapper.cfbundle; includeInIndex = 0; path = "Hypori-MHTests.xctest"; sourceTree = BUILT_PRODUCTS_DIR; };
		E6E2788A26AAE0D2002E58E9 /* Hypori_MHTests.m */ = {isa = PBXFileReference; lastKnownFileType = sourcecode.c.objc; path = Hypori_MHTests.m; sourceTree = "<group>"; };
		E6E2788C26AAE0D2002E58E9 /* Info.plist */ = {isa = PBXFileReference; lastKnownFileType = text.plist.xml; path = Info.plist; sourceTree = "<group>"; };
		E6E278A426AAE857002E58E9 /* FilmsViewController.h */ = {isa = PBXFileReference; lastKnownFileType = sourcecode.c.h; path = FilmsViewController.h; sourceTree = "<group>"; };
		E6E278A526AAE857002E58E9 /* FilmsViewController.m */ = {isa = PBXFileReference; lastKnownFileType = sourcecode.c.objc; path = FilmsViewController.m; sourceTree = "<group>"; };
		E6E278A726AAE9A4002E58E9 /* Podfile */ = {isa = PBXFileReference; lastKnownFileType = text; path = Podfile; sourceTree = "<group>"; xcLanguageSpecificationIdentifier = xcode.lang.ruby; };
		E6E278A826AAEA78002E58E9 /* Podfile.lock */ = {isa = PBXFileReference; lastKnownFileType = text; path = Podfile.lock; sourceTree = "<group>"; };
		E6E278A926AAEA89002E58E9 /* .gitignore */ = {isa = PBXFileReference; lastKnownFileType = text; path = .gitignore; sourceTree = "<group>"; };
		E6E278AB26AAF3BE002E58E9 /* StarWarsAPI.h */ = {isa = PBXFileReference; lastKnownFileType = sourcecode.c.h; path = StarWarsAPI.h; sourceTree = "<group>"; };
		E6E278AC26AAF3BE002E58E9 /* StarWarsAPI.m */ = {isa = PBXFileReference; lastKnownFileType = sourcecode.c.objc; path = StarWarsAPI.m; sourceTree = "<group>"; };
		E6E278B026AAF417002E58E9 /* NetworkClient.h */ = {isa = PBXFileReference; lastKnownFileType = sourcecode.c.h; path = NetworkClient.h; sourceTree = "<group>"; };
		E6E278B126AAF417002E58E9 /* NetworkClient.m */ = {isa = PBXFileReference; lastKnownFileType = sourcecode.c.objc; path = NetworkClient.m; sourceTree = "<group>"; };
		E6E278B626AAF7B7002E58E9 /* Cancellable.h */ = {isa = PBXFileReference; lastKnownFileType = sourcecode.c.h; path = Cancellable.h; sourceTree = "<group>"; };
		E6E278B726AAF820002E58E9 /* NSURLSessionTask+Cancellable.h */ = {isa = PBXFileReference; lastKnownFileType = sourcecode.c.h; path = "NSURLSessionTask+Cancellable.h"; sourceTree = "<group>"; };
		E6E278B826AAF820002E58E9 /* NSURLSessionTask+Cancellable.m */ = {isa = PBXFileReference; lastKnownFileType = sourcecode.c.objc; path = "NSURLSessionTask+Cancellable.m"; sourceTree = "<group>"; };
		E6E278BA26AAF877002E58E9 /* AnyCancellable.h */ = {isa = PBXFileReference; lastKnownFileType = sourcecode.c.h; path = AnyCancellable.h; sourceTree = "<group>"; };
		E6E278BB26AAF877002E58E9 /* AnyCancellable.m */ = {isa = PBXFileReference; lastKnownFileType = sourcecode.c.objc; path = AnyCancellable.m; sourceTree = "<group>"; };
		E6E278BE26AC2180002E58E9 /* Page.h */ = {isa = PBXFileReference; lastKnownFileType = sourcecode.c.h; path = Page.h; sourceTree = "<group>"; };
		E6E278BF26AC2180002E58E9 /* Page.m */ = {isa = PBXFileReference; lastKnownFileType = sourcecode.c.objc; path = Page.m; sourceTree = "<group>"; };
		E6E278C126AC218B002E58E9 /* Film.h */ = {isa = PBXFileReference; lastKnownFileType = sourcecode.c.h; path = Film.h; sourceTree = "<group>"; };
		E6E278C226AC218B002E58E9 /* Film.m */ = {isa = PBXFileReference; lastKnownFileType = sourcecode.c.objc; path = Film.m; sourceTree = "<group>"; };
		E6E278C426AC331E002E58E9 /* NSError+API.h */ = {isa = PBXFileReference; lastKnownFileType = sourcecode.c.h; path = "NSError+API.h"; sourceTree = "<group>"; };
		E6E278C526AC331E002E58E9 /* NSError+API.m */ = {isa = PBXFileReference; lastKnownFileType = sourcecode.c.objc; path = "NSError+API.m"; sourceTree = "<group>"; };
		E6E278C826AC3544002E58E9 /* MockNetworkClient.h */ = {isa = PBXFileReference; lastKnownFileType = sourcecode.c.h; path = MockNetworkClient.h; sourceTree = "<group>"; };
		E6E278C926AC3544002E58E9 /* MockNetworkClient.m */ = {isa = PBXFileReference; lastKnownFileType = sourcecode.c.objc; path = MockNetworkClient.m; sourceTree = "<group>"; };
		E6E278CD26AC361D002E58E9 /* APIMocks.bundle */ = {isa = PBXFileReference; lastKnownFileType = "wrapper.plug-in"; path = APIMocks.bundle; sourceTree = "<group>"; };
		ECD00C1FDBE123811987FF37 /* Pods_Hypori_MHTests.framework */ = {isa = PBXFileReference; explicitFileType = wrapper.framework; includeInIndex = 0; path = Pods_Hypori_MHTests.framework; sourceTree = BUILT_PRODUCTS_DIR; };
		ECE9D54BC6DB90B874D1A54D /* Pods-Hypori-MH-iOS-Hypori-MH.release.xcconfig */ = {isa = PBXFileReference; includeInIndex = 1; lastKnownFileType = text.xcconfig; name = "Pods-Hypori-MH-iOS-Hypori-MH.release.xcconfig"; path = "Target Support Files/Pods-Hypori-MH-iOS-Hypori-MH/Pods-Hypori-MH-iOS-Hypori-MH.release.xcconfig"; sourceTree = "<group>"; };
/* End PBXFileReference section */

/* Begin PBXFrameworksBuildPhase section */
		E6E2786826AAE0CD002E58E9 /* Frameworks */ = {
			isa = PBXFrameworksBuildPhase;
			buildActionMask = 2147483647;
			files = (
				F9F1293C9481B3321C9E86C9 /* Pods_Hypori_MH_iOS_Hypori_MH.framework in Frameworks */,
			);
			runOnlyForDeploymentPostprocessing = 0;
		};
		E6E2788326AAE0D2002E58E9 /* Frameworks */ = {
			isa = PBXFrameworksBuildPhase;
			buildActionMask = 2147483647;
			files = (
				E2244D32D86EF8A217226839 /* Pods_Hypori_MHTests.framework in Frameworks */,
			);
			runOnlyForDeploymentPostprocessing = 0;
		};
/* End PBXFrameworksBuildPhase section */

/* Begin PBXGroup section */
		1BEF1CF3E9761D8263052898 /* Frameworks */ = {
			isa = PBXGroup;
			children = (
				84B73ED5FCA9F90034155126 /* Pods_Hypori_MH_iOS_Hypori_MH.framework */,
				ECD00C1FDBE123811987FF37 /* Pods_Hypori_MHTests.framework */,
			);
			name = Frameworks;
			sourceTree = "<group>";
		};
		D782F30A1D877EE1D4C7D08B /* Pods */ = {
			isa = PBXGroup;
			children = (
				BB168BA0C1B9385AECB709C1 /* Pods-Hypori-MH-iOS-Hypori-MH.debug.xcconfig */,
				ECE9D54BC6DB90B874D1A54D /* Pods-Hypori-MH-iOS-Hypori-MH.release.xcconfig */,
				55B8F30BB81369AF6ED33F31 /* Pods-Hypori-MHTests.debug.xcconfig */,
				69F101CFCB3324C81C18B5AC /* Pods-Hypori-MHTests.release.xcconfig */,
			);
			path = Pods;
			sourceTree = "<group>";
		};
		E65624FC26ACA59800F3C969 /* Mocks */ = {
			isa = PBXGroup;
			children = (
				E6E278C826AC3544002E58E9 /* MockNetworkClient.h */,
				E6E278C926AC3544002E58E9 /* MockNetworkClient.m */,
				E65624FF26ACA5E200F3C969 /* StarWarsAPI+Mock.h */,
				E656250026ACA5E200F3C969 /* StarWarsAPI+Mock.m */,
				E6E278CD26AC361D002E58E9 /* APIMocks.bundle */,
			);
			path = Mocks;
			sourceTree = "<group>";
		};
		E656250226AD758D00F3C969 /* Extensions */ = {
			isa = PBXGroup;
			children = (
				E656250326AD75A000F3C969 /* NSArray+Map.h */,
				E656250426AD75A000F3C969 /* NSArray+Map.m */,
			);
			path = Extensions;
			sourceTree = "<group>";
		};
		E656250F26AD7DA500F3C969 /* Cancellable */ = {
			isa = PBXGroup;
			children = (
				E6E278B626AAF7B7002E58E9 /* Cancellable.h */,
				E6E278B726AAF820002E58E9 /* NSURLSessionTask+Cancellable.h */,
				E6E278B826AAF820002E58E9 /* NSURLSessionTask+Cancellable.m */,
				E6E278BA26AAF877002E58E9 /* AnyCancellable.h */,
				E6E278BB26AAF877002E58E9 /* AnyCancellable.m */,
			);
			path = Cancellable;
			sourceTree = "<group>";
		};
		E656251026AD7DB100F3C969 /* Mappable */ = {
			isa = PBXGroup;
			children = (
				E656250D26AD7B0400F3C969 /* Mappable.h */,
				E656250926AD79B100F3C969 /* NSObject+Mappable.h */,
				E656250A26AD79B100F3C969 /* NSObject+Mappable.m */,
				E656251126AD7ED200F3C969 /* InCodeMappingProvider+URL.h */,
				E656251226AD7ED200F3C969 /* InCodeMappingProvider+URL.m */,
				E656251526AD8F4C00F3C969 /* InCodeMappingProvider+ISO8601.h */,
				E656251626AD8F4C00F3C969 /* InCodeMappingProvider+ISO8601.m */,
			);
			path = Mappable;
			sourceTree = "<group>";
		};
		E656251926AD912200F3C969 /* DomainServices */ = {
			isa = PBXGroup;
			children = (
				E656251A26AD913700F3C969 /* StarWarsDomainService.h */,
				E656251B26AD913700F3C969 /* StarWarsDomainService.m */,
				E656252626AD930D00F3C969 /* StarWarsDomainServiceState.h */,
				E656252226AD92DD00F3C969 /* StarWarsDomainServiceInMemoryState.h */,
				E656252326AD92DD00F3C969 /* StarWarsDomainServiceInMemoryState.m */,
			);
			path = DomainServices;
			sourceTree = "<group>";
		};
		E656252A26AE844300F3C969 /* Services */ = {
			isa = PBXGroup;
			children = (
				E656252826AD949900F3C969 /* StarWarsDomainServiceTests.m */,
			);
			path = Services;
			sourceTree = "<group>";
		};
		E6E2786226AAE0CD002E58E9 = {
			isa = PBXGroup;
			children = (
				E6E278A926AAEA89002E58E9 /* .gitignore */,
				E6E278A726AAE9A4002E58E9 /* Podfile */,
				E6E278A826AAEA78002E58E9 /* Podfile.lock */,
				E6E2786D26AAE0CD002E58E9 /* Hypori-MH */,
				E6E2788926AAE0D2002E58E9 /* Hypori-MHTests */,
				E6E2786C26AAE0CD002E58E9 /* Products */,
				D782F30A1D877EE1D4C7D08B /* Pods */,
				1BEF1CF3E9761D8263052898 /* Frameworks */,
			);
			sourceTree = "<group>";
		};
		E6E2786C26AAE0CD002E58E9 /* Products */ = {
			isa = PBXGroup;
			children = (
				E6E2786B26AAE0CD002E58E9 /* Hypori-MH.app */,
				E6E2788626AAE0D2002E58E9 /* Hypori-MHTests.xctest */,
			);
			name = Products;
			sourceTree = "<group>";
		};
		E6E2786D26AAE0CD002E58E9 /* Hypori-MH */ = {
			isa = PBXGroup;
			children = (
				E6E2786E26AAE0CD002E58E9 /* AppDelegate.h */,
				E6E2786F26AAE0CD002E58E9 /* AppDelegate.m */,
				E6E278A326AAE83A002E58E9 /* UI */,
				E656251926AD912200F3C969 /* DomainServices */,
				E6E278AA26AAF2B6002E58E9 /* API */,
				E6E278BD26AC2130002E58E9 /* Models */,
				E6E278B526AAF7A6002E58E9 /* Utlities */,
				E656250226AD758D00F3C969 /* Extensions */,
				E6E2787726AAE0CD002E58E9 /* Main.storyboard */,
				E6E2787A26AAE0D1002E58E9 /* Assets.xcassets */,
				E6E2787C26AAE0D1002E58E9 /* LaunchScreen.storyboard */,
				E6E2787F26AAE0D1002E58E9 /* Info.plist */,
				E6E2788026AAE0D1002E58E9 /* main.m */,
			);
			path = "Hypori-MH";
			sourceTree = "<group>";
		};
		E6E2788926AAE0D2002E58E9 /* Hypori-MHTests */ = {
			isa = PBXGroup;
			children = (
				E6E2788A26AAE0D2002E58E9 /* Hypori_MHTests.m */,
				E6E278C726AC3516002E58E9 /* API */,
				E656252A26AE844300F3C969 /* Services */,
				E6E2788C26AAE0D2002E58E9 /* Info.plist */,
			);
			path = "Hypori-MHTests";
			sourceTree = "<group>";
		};
		E6E278A326AAE83A002E58E9 /* UI */ = {
			isa = PBXGroup;
			children = (
				E6E278A426AAE857002E58E9 /* FilmsViewController.h */,
				E6E278A526AAE857002E58E9 /* FilmsViewController.m */,
			);
			path = UI;
			sourceTree = "<group>";
		};
		E6E278AA26AAF2B6002E58E9 /* API */ = {
			isa = PBXGroup;
			children = (
				E6E278AE26AAF3DA002E58E9 /* NetworkClient */,
				E6E278AB26AAF3BE002E58E9 /* StarWarsAPI.h */,
				E6E278AC26AAF3BE002E58E9 /* StarWarsAPI.m */,
				E6E278C426AC331E002E58E9 /* NSError+API.h */,
				E6E278C526AC331E002E58E9 /* NSError+API.m */,
			);
			path = API;
			sourceTree = "<group>";
		};
		E6E278AE26AAF3DA002E58E9 /* NetworkClient */ = {
			isa = PBXGroup;
			children = (
				E6E278B026AAF417002E58E9 /* NetworkClient.h */,
				E6E278B126AAF417002E58E9 /* NetworkClient.m */,
			);
			path = NetworkClient;
			sourceTree = "<group>";
		};
		E6E278B526AAF7A6002E58E9 /* Utlities */ = {
			isa = PBXGroup;
			children = (
				E656250F26AD7DA500F3C969 /* Cancellable */,
				E656251026AD7DB100F3C969 /* Mappable */,
			);
			path = Utlities;
			sourceTree = "<group>";
		};
		E6E278BD26AC2130002E58E9 /* Models */ = {
			isa = PBXGroup;
			children = (
				E6E278BE26AC2180002E58E9 /* Page.h */,
				E6E278BF26AC2180002E58E9 /* Page.m */,
				E6E278C126AC218B002E58E9 /* Film.h */,
				E6E278C226AC218B002E58E9 /* Film.m */,
			);
			path = Models;
			sourceTree = "<group>";
		};
		E6E278C726AC3516002E58E9 /* API */ = {
			isa = PBXGroup;
			children = (
				E65624FC26ACA59800F3C969 /* Mocks */,
				E65624FD26ACA5B400F3C969 /* StarWarsAPITests.m */,
			);
			path = API;
			sourceTree = "<group>";
		};
/* End PBXGroup section */

/* Begin PBXHeadersBuildPhase section */
		E65624F726AC748E00F3C969 /* Headers */ = {
			isa = PBXHeadersBuildPhase;
			buildActionMask = 2147483647;
			files = (
				E656252726AD930D00F3C969 /* StarWarsDomainServiceState.h in Headers */,
				E656252426AD92DD00F3C969 /* StarWarsDomainServiceInMemoryState.h in Headers */,
				E656251326AD7ED200F3C969 /* InCodeMappingProvider+URL.h in Headers */,
				E656251C26AD913800F3C969 /* StarWarsDomainService.h in Headers */,
				E656251726AD8F4C00F3C969 /* InCodeMappingProvider+ISO8601.h in Headers */,
				E656250526AD75A000F3C969 /* NSArray+Map.h in Headers */,
				E656250B26AD79B100F3C969 /* NSObject+Mappable.h in Headers */,
				E656250E26AD7B0400F3C969 /* Mappable.h in Headers */,
				E65624FB26AC74AD00F3C969 /* NetworkClient.h in Headers */,
			);
			runOnlyForDeploymentPostprocessing = 0;
		};
/* End PBXHeadersBuildPhase section */

/* Begin PBXNativeTarget section */
		E6E2786A26AAE0CD002E58E9 /* Hypori-MH */ = {
			isa = PBXNativeTarget;
			buildConfigurationList = E6E2789A26AAE0D2002E58E9 /* Build configuration list for PBXNativeTarget "Hypori-MH" */;
			buildPhases = (
				5FC2DBCEA836AD56ACB7AF57 /* [CP] Check Pods Manifest.lock */,
				E65624F726AC748E00F3C969 /* Headers */,
				E6E2786726AAE0CD002E58E9 /* Sources */,
				E6E2786826AAE0CD002E58E9 /* Frameworks */,
				E6E2786926AAE0CD002E58E9 /* Resources */,
				92CEFDAA7D07F095DD320667 /* [CP] Embed Pods Frameworks */,
			);
			buildRules = (
			);
			dependencies = (
			);
			name = "Hypori-MH";
			productName = "Hypori-MH";
			productReference = E6E2786B26AAE0CD002E58E9 /* Hypori-MH.app */;
			productType = "com.apple.product-type.application";
		};
		E6E2788526AAE0D2002E58E9 /* Hypori-MHTests */ = {
			isa = PBXNativeTarget;
			buildConfigurationList = E6E2789D26AAE0D2002E58E9 /* Build configuration list for PBXNativeTarget "Hypori-MHTests" */;
			buildPhases = (
				EDA3031EA43034779A69ABAC /* [CP] Check Pods Manifest.lock */,
				E6E2788226AAE0D2002E58E9 /* Sources */,
				E6E2788326AAE0D2002E58E9 /* Frameworks */,
				E6E2788426AAE0D2002E58E9 /* Resources */,
			);
			buildRules = (
			);
			dependencies = (
				E6E2788826AAE0D2002E58E9 /* PBXTargetDependency */,
			);
			name = "Hypori-MHTests";
			productName = "Hypori-MHTests";
			productReference = E6E2788626AAE0D2002E58E9 /* Hypori-MHTests.xctest */;
			productType = "com.apple.product-type.bundle.unit-test";
		};
/* End PBXNativeTarget section */

/* Begin PBXProject section */
		E6E2786326AAE0CD002E58E9 /* Project object */ = {
			isa = PBXProject;
			attributes = {
				LastUpgradeCheck = 1250;
				TargetAttributes = {
					E6E2786A26AAE0CD002E58E9 = {
						CreatedOnToolsVersion = 12.5.1;
					};
					E6E2788526AAE0D2002E58E9 = {
						CreatedOnToolsVersion = 12.5.1;
						TestTargetID = E6E2786A26AAE0CD002E58E9;
					};
				};
			};
			buildConfigurationList = E6E2786626AAE0CD002E58E9 /* Build configuration list for PBXProject "Hypori-MH" */;
			compatibilityVersion = "Xcode 9.3";
			developmentRegion = en;
			hasScannedForEncodings = 0;
			knownRegions = (
				en,
				Base,
			);
			mainGroup = E6E2786226AAE0CD002E58E9;
			productRefGroup = E6E2786C26AAE0CD002E58E9 /* Products */;
			projectDirPath = "";
			projectRoot = "";
			targets = (
				E6E2786A26AAE0CD002E58E9 /* Hypori-MH */,
				E6E2788526AAE0D2002E58E9 /* Hypori-MHTests */,
			);
		};
/* End PBXProject section */

/* Begin PBXResourcesBuildPhase section */
		E6E2786926AAE0CD002E58E9 /* Resources */ = {
			isa = PBXResourcesBuildPhase;
			buildActionMask = 2147483647;
			files = (
				E6E2787E26AAE0D1002E58E9 /* LaunchScreen.storyboard in Resources */,
				E6E2787B26AAE0D1002E58E9 /* Assets.xcassets in Resources */,
				E6E2787926AAE0CD002E58E9 /* Main.storyboard in Resources */,
			);
			runOnlyForDeploymentPostprocessing = 0;
		};
		E6E2788426AAE0D2002E58E9 /* Resources */ = {
			isa = PBXResourcesBuildPhase;
			buildActionMask = 2147483647;
			files = (
				E6E278CE26AC361D002E58E9 /* APIMocks.bundle in Resources */,
			);
			runOnlyForDeploymentPostprocessing = 0;
		};
/* End PBXResourcesBuildPhase section */

/* Begin PBXShellScriptBuildPhase section */
		5FC2DBCEA836AD56ACB7AF57 /* [CP] Check Pods Manifest.lock */ = {
			isa = PBXShellScriptBuildPhase;
			buildActionMask = 2147483647;
			files = (
			);
			inputFileListPaths = (
			);
			inputPaths = (
				"${PODS_PODFILE_DIR_PATH}/Podfile.lock",
				"${PODS_ROOT}/Manifest.lock",
			);
			name = "[CP] Check Pods Manifest.lock";
			outputFileListPaths = (
			);
			outputPaths = (
				"$(DERIVED_FILE_DIR)/Pods-Hypori-MH-iOS-Hypori-MH-checkManifestLockResult.txt",
			);
			runOnlyForDeploymentPostprocessing = 0;
			shellPath = /bin/sh;
			shellScript = "diff \"${PODS_PODFILE_DIR_PATH}/Podfile.lock\" \"${PODS_ROOT}/Manifest.lock\" > /dev/null\nif [ $? != 0 ] ; then\n    # print error to STDERR\n    echo \"error: The sandbox is not in sync with the Podfile.lock. Run 'pod install' or update your CocoaPods installation.\" >&2\n    exit 1\nfi\n# This output is used by Xcode 'outputs' to avoid re-running this script phase.\necho \"SUCCESS\" > \"${SCRIPT_OUTPUT_FILE_0}\"\n";
			showEnvVarsInLog = 0;
		};
		92CEFDAA7D07F095DD320667 /* [CP] Embed Pods Frameworks */ = {
			isa = PBXShellScriptBuildPhase;
			buildActionMask = 2147483647;
			files = (
			);
			inputFileListPaths = (
				"${PODS_ROOT}/Target Support Files/Pods-Hypori-MH-iOS-Hypori-MH/Pods-Hypori-MH-iOS-Hypori-MH-frameworks-${CONFIGURATION}-input-files.xcfilelist",
			);
			name = "[CP] Embed Pods Frameworks";
			outputFileListPaths = (
				"${PODS_ROOT}/Target Support Files/Pods-Hypori-MH-iOS-Hypori-MH/Pods-Hypori-MH-iOS-Hypori-MH-frameworks-${CONFIGURATION}-output-files.xcfilelist",
			);
			runOnlyForDeploymentPostprocessing = 0;
			shellPath = /bin/sh;
			shellScript = "\"${PODS_ROOT}/Target Support Files/Pods-Hypori-MH-iOS-Hypori-MH/Pods-Hypori-MH-iOS-Hypori-MH-frameworks.sh\"\n";
			showEnvVarsInLog = 0;
		};
		EDA3031EA43034779A69ABAC /* [CP] Check Pods Manifest.lock */ = {
			isa = PBXShellScriptBuildPhase;
			buildActionMask = 2147483647;
			files = (
			);
			inputFileListPaths = (
			);
			inputPaths = (
				"${PODS_PODFILE_DIR_PATH}/Podfile.lock",
				"${PODS_ROOT}/Manifest.lock",
			);
			name = "[CP] Check Pods Manifest.lock";
			outputFileListPaths = (
			);
			outputPaths = (
				"$(DERIVED_FILE_DIR)/Pods-Hypori-MHTests-checkManifestLockResult.txt",
			);
			runOnlyForDeploymentPostprocessing = 0;
			shellPath = /bin/sh;
			shellScript = "diff \"${PODS_PODFILE_DIR_PATH}/Podfile.lock\" \"${PODS_ROOT}/Manifest.lock\" > /dev/null\nif [ $? != 0 ] ; then\n    # print error to STDERR\n    echo \"error: The sandbox is not in sync with the Podfile.lock. Run 'pod install' or update your CocoaPods installation.\" >&2\n    exit 1\nfi\n# This output is used by Xcode 'outputs' to avoid re-running this script phase.\necho \"SUCCESS\" > \"${SCRIPT_OUTPUT_FILE_0}\"\n";
			showEnvVarsInLog = 0;
		};
/* End PBXShellScriptBuildPhase section */

/* Begin PBXSourcesBuildPhase section */
		E6E2786726AAE0CD002E58E9 /* Sources */ = {
			isa = PBXSourcesBuildPhase;
			buildActionMask = 2147483647;
			files = (
				E6E278B226AAF417002E58E9 /* NetworkClient.m in Sources */,
				E6E278B926AAF820002E58E9 /* NSURLSessionTask+Cancellable.m in Sources */,
				E656251D26AD913800F3C969 /* StarWarsDomainService.m in Sources */,
				E656250C26AD79B100F3C969 /* NSObject+Mappable.m in Sources */,
				E6E278C626AC331E002E58E9 /* NSError+API.m in Sources */,
				E656251826AD8F4C00F3C969 /* InCodeMappingProvider+ISO8601.m in Sources */,
				E6E278C026AC2180002E58E9 /* Page.m in Sources */,
				E6E278C326AC218B002E58E9 /* Film.m in Sources */,
				E656252526AD92DD00F3C969 /* StarWarsDomainServiceInMemoryState.m in Sources */,
				E6E278A626AAE857002E58E9 /* FilmsViewController.m in Sources */,
				E6E278BC26AAF877002E58E9 /* AnyCancellable.m in Sources */,
				E6E278AD26AAF3BE002E58E9 /* StarWarsAPI.m in Sources */,
				E656250626AD75A000F3C969 /* NSArray+Map.m in Sources */,
				E6E2787026AAE0CD002E58E9 /* AppDelegate.m in Sources */,
				E656251426AD7ED200F3C969 /* InCodeMappingProvider+URL.m in Sources */,
				E6E2788126AAE0D1002E58E9 /* main.m in Sources */,
			);
			runOnlyForDeploymentPostprocessing = 0;
		};
		E6E2788226AAE0D2002E58E9 /* Sources */ = {
			isa = PBXSourcesBuildPhase;
			buildActionMask = 2147483647;
			files = (
				E6E2788B26AAE0D2002E58E9 /* Hypori_MHTests.m in Sources */,
				E656252926AD949900F3C969 /* StarWarsDomainServiceTests.m in Sources */,
				E65624FE26ACA5B400F3C969 /* StarWarsAPITests.m in Sources */,
				E6E278CA26AC3544002E58E9 /* MockNetworkClient.m in Sources */,
				E656250126ACA5E200F3C969 /* StarWarsAPI+Mock.m in Sources */,
			);
			runOnlyForDeploymentPostprocessing = 0;
		};
/* End PBXSourcesBuildPhase section */

/* Begin PBXTargetDependency section */
		E6E2788826AAE0D2002E58E9 /* PBXTargetDependency */ = {
			isa = PBXTargetDependency;
			target = E6E2786A26AAE0CD002E58E9 /* Hypori-MH */;
			targetProxy = E6E2788726AAE0D2002E58E9 /* PBXContainerItemProxy */;
		};
/* End PBXTargetDependency section */

/* Begin PBXVariantGroup section */
		E6E2787726AAE0CD002E58E9 /* Main.storyboard */ = {
			isa = PBXVariantGroup;
			children = (
				E6E2787826AAE0CD002E58E9 /* Base */,
			);
			name = Main.storyboard;
			sourceTree = "<group>";
		};
		E6E2787C26AAE0D1002E58E9 /* LaunchScreen.storyboard */ = {
			isa = PBXVariantGroup;
			children = (
				E6E2787D26AAE0D1002E58E9 /* Base */,
			);
			name = LaunchScreen.storyboard;
			sourceTree = "<group>";
		};
/* End PBXVariantGroup section */

/* Begin XCBuildConfiguration section */
		E6E2789826AAE0D2002E58E9 /* Debug */ = {
			isa = XCBuildConfiguration;
			buildSettings = {
				ALWAYS_SEARCH_USER_PATHS = NO;
				CLANG_ANALYZER_NONNULL = YES;
				CLANG_ANALYZER_NUMBER_OBJECT_CONVERSION = YES_AGGRESSIVE;
				CLANG_CXX_LANGUAGE_STANDARD = "gnu++14";
				CLANG_CXX_LIBRARY = "libc++";
				CLANG_ENABLE_MODULES = YES;
				CLANG_ENABLE_OBJC_ARC = YES;
				CLANG_ENABLE_OBJC_WEAK = YES;
				CLANG_WARN_BLOCK_CAPTURE_AUTORELEASING = YES;
				CLANG_WARN_BOOL_CONVERSION = YES;
				CLANG_WARN_COMMA = YES;
				CLANG_WARN_CONSTANT_CONVERSION = YES;
				CLANG_WARN_DEPRECATED_OBJC_IMPLEMENTATIONS = YES;
				CLANG_WARN_DIRECT_OBJC_ISA_USAGE = YES_ERROR;
				CLANG_WARN_DOCUMENTATION_COMMENTS = YES;
				CLANG_WARN_EMPTY_BODY = YES;
				CLANG_WARN_ENUM_CONVERSION = YES;
				CLANG_WARN_INFINITE_RECURSION = YES;
				CLANG_WARN_INT_CONVERSION = YES;
				CLANG_WARN_NON_LITERAL_NULL_CONVERSION = YES;
				CLANG_WARN_OBJC_IMPLICIT_RETAIN_SELF = YES;
				CLANG_WARN_OBJC_LITERAL_CONVERSION = YES;
				CLANG_WARN_OBJC_ROOT_CLASS = YES_ERROR;
				CLANG_WARN_QUOTED_INCLUDE_IN_FRAMEWORK_HEADER = YES;
				CLANG_WARN_RANGE_LOOP_ANALYSIS = YES;
				CLANG_WARN_STRICT_PROTOTYPES = YES;
				CLANG_WARN_SUSPICIOUS_MOVE = YES;
				CLANG_WARN_UNGUARDED_AVAILABILITY = YES_AGGRESSIVE;
				CLANG_WARN_UNREACHABLE_CODE = YES;
				CLANG_WARN__DUPLICATE_METHOD_MATCH = YES;
				COPY_PHASE_STRIP = NO;
				DEBUG_INFORMATION_FORMAT = dwarf;
				ENABLE_STRICT_OBJC_MSGSEND = YES;
				ENABLE_TESTABILITY = YES;
				GCC_C_LANGUAGE_STANDARD = gnu11;
				GCC_DYNAMIC_NO_PIC = NO;
				GCC_NO_COMMON_BLOCKS = YES;
				GCC_OPTIMIZATION_LEVEL = 0;
				GCC_PREPROCESSOR_DEFINITIONS = (
					"DEBUG=1",
					"$(inherited)",
				);
				GCC_WARN_64_TO_32_BIT_CONVERSION = YES;
				GCC_WARN_ABOUT_RETURN_TYPE = YES_ERROR;
				GCC_WARN_UNDECLARED_SELECTOR = YES;
				GCC_WARN_UNINITIALIZED_AUTOS = YES_AGGRESSIVE;
				GCC_WARN_UNUSED_FUNCTION = YES;
				GCC_WARN_UNUSED_VARIABLE = YES;
				IPHONEOS_DEPLOYMENT_TARGET = 14.5;
				MTL_ENABLE_DEBUG_INFO = INCLUDE_SOURCE;
				MTL_FAST_MATH = YES;
				ONLY_ACTIVE_ARCH = YES;
				SDKROOT = iphoneos;
			};
			name = Debug;
		};
		E6E2789926AAE0D2002E58E9 /* Release */ = {
			isa = XCBuildConfiguration;
			buildSettings = {
				ALWAYS_SEARCH_USER_PATHS = NO;
				CLANG_ANALYZER_NONNULL = YES;
				CLANG_ANALYZER_NUMBER_OBJECT_CONVERSION = YES_AGGRESSIVE;
				CLANG_CXX_LANGUAGE_STANDARD = "gnu++14";
				CLANG_CXX_LIBRARY = "libc++";
				CLANG_ENABLE_MODULES = YES;
				CLANG_ENABLE_OBJC_ARC = YES;
				CLANG_ENABLE_OBJC_WEAK = YES;
				CLANG_WARN_BLOCK_CAPTURE_AUTORELEASING = YES;
				CLANG_WARN_BOOL_CONVERSION = YES;
				CLANG_WARN_COMMA = YES;
				CLANG_WARN_CONSTANT_CONVERSION = YES;
				CLANG_WARN_DEPRECATED_OBJC_IMPLEMENTATIONS = YES;
				CLANG_WARN_DIRECT_OBJC_ISA_USAGE = YES_ERROR;
				CLANG_WARN_DOCUMENTATION_COMMENTS = YES;
				CLANG_WARN_EMPTY_BODY = YES;
				CLANG_WARN_ENUM_CONVERSION = YES;
				CLANG_WARN_INFINITE_RECURSION = YES;
				CLANG_WARN_INT_CONVERSION = YES;
				CLANG_WARN_NON_LITERAL_NULL_CONVERSION = YES;
				CLANG_WARN_OBJC_IMPLICIT_RETAIN_SELF = YES;
				CLANG_WARN_OBJC_LITERAL_CONVERSION = YES;
				CLANG_WARN_OBJC_ROOT_CLASS = YES_ERROR;
				CLANG_WARN_QUOTED_INCLUDE_IN_FRAMEWORK_HEADER = YES;
				CLANG_WARN_RANGE_LOOP_ANALYSIS = YES;
				CLANG_WARN_STRICT_PROTOTYPES = YES;
				CLANG_WARN_SUSPICIOUS_MOVE = YES;
				CLANG_WARN_UNGUARDED_AVAILABILITY = YES_AGGRESSIVE;
				CLANG_WARN_UNREACHABLE_CODE = YES;
				CLANG_WARN__DUPLICATE_METHOD_MATCH = YES;
				COPY_PHASE_STRIP = NO;
				DEBUG_INFORMATION_FORMAT = "dwarf-with-dsym";
				ENABLE_NS_ASSERTIONS = NO;
				ENABLE_STRICT_OBJC_MSGSEND = YES;
				GCC_C_LANGUAGE_STANDARD = gnu11;
				GCC_NO_COMMON_BLOCKS = YES;
				GCC_WARN_64_TO_32_BIT_CONVERSION = YES;
				GCC_WARN_ABOUT_RETURN_TYPE = YES_ERROR;
				GCC_WARN_UNDECLARED_SELECTOR = YES;
				GCC_WARN_UNINITIALIZED_AUTOS = YES_AGGRESSIVE;
				GCC_WARN_UNUSED_FUNCTION = YES;
				GCC_WARN_UNUSED_VARIABLE = YES;
				IPHONEOS_DEPLOYMENT_TARGET = 14.5;
				MTL_ENABLE_DEBUG_INFO = NO;
				MTL_FAST_MATH = YES;
				SDKROOT = iphoneos;
				VALIDATE_PRODUCT = YES;
			};
			name = Release;
		};
		E6E2789B26AAE0D2002E58E9 /* Debug */ = {
			isa = XCBuildConfiguration;
			baseConfigurationReference = BB168BA0C1B9385AECB709C1 /* Pods-Hypori-MH-iOS-Hypori-MH.debug.xcconfig */;
			buildSettings = {
				ALWAYS_EMBED_SWIFT_STANDARD_LIBRARIES = YES;
				ASSETCATALOG_COMPILER_APPICON_NAME = AppIcon;
				ASSETCATALOG_COMPILER_GLOBAL_ACCENT_COLOR_NAME = AccentColor;
				CODE_SIGN_STYLE = Automatic;
				INFOPLIST_FILE = "Hypori-MH/Info.plist";
				LD_RUNPATH_SEARCH_PATHS = (
					"$(inherited)",
					"@executable_path/Frameworks",
				);
				PRODUCT_BUNDLE_IDENTIFIER = "com.eldersoss.Hypori-MH";
				PRODUCT_NAME = "$(TARGET_NAME)";
				TARGETED_DEVICE_FAMILY = 1;
			};
			name = Debug;
		};
		E6E2789C26AAE0D2002E58E9 /* Release */ = {
			isa = XCBuildConfiguration;
			baseConfigurationReference = ECE9D54BC6DB90B874D1A54D /* Pods-Hypori-MH-iOS-Hypori-MH.release.xcconfig */;
			buildSettings = {
				ALWAYS_EMBED_SWIFT_STANDARD_LIBRARIES = YES;
				ASSETCATALOG_COMPILER_APPICON_NAME = AppIcon;
				ASSETCATALOG_COMPILER_GLOBAL_ACCENT_COLOR_NAME = AccentColor;
				CODE_SIGN_STYLE = Automatic;
				INFOPLIST_FILE = "Hypori-MH/Info.plist";
				LD_RUNPATH_SEARCH_PATHS = (
					"$(inherited)",
					"@executable_path/Frameworks",
				);
				PRODUCT_BUNDLE_IDENTIFIER = "com.eldersoss.Hypori-MH";
				PRODUCT_NAME = "$(TARGET_NAME)";
				TARGETED_DEVICE_FAMILY = 1;
			};
			name = Release;
		};
		E6E2789E26AAE0D2002E58E9 /* Debug */ = {
			isa = XCBuildConfiguration;
			baseConfigurationReference = 55B8F30BB81369AF6ED33F31 /* Pods-Hypori-MHTests.debug.xcconfig */;
			buildSettings = {
				BUNDLE_LOADER = "$(TEST_HOST)";
				CODE_SIGN_STYLE = Automatic;
				INFOPLIST_FILE = "Hypori-MHTests/Info.plist";
				LD_RUNPATH_SEARCH_PATHS = (
					"$(inherited)",
					"@executable_path/Frameworks",
					"@loader_path/Frameworks",
				);
				PRODUCT_BUNDLE_IDENTIFIER = "com.eldersoss.Hypori-MHTests";
				PRODUCT_NAME = "$(TARGET_NAME)";
				TARGETED_DEVICE_FAMILY = 1;
				TEST_HOST = "$(BUILT_PRODUCTS_DIR)/Hypori-MH.app/Hypori-MH";
			};
			name = Debug;
		};
		E6E2789F26AAE0D2002E58E9 /* Release */ = {
			isa = XCBuildConfiguration;
			baseConfigurationReference = 69F101CFCB3324C81C18B5AC /* Pods-Hypori-MHTests.release.xcconfig */;
			buildSettings = {
				BUNDLE_LOADER = "$(TEST_HOST)";
				CODE_SIGN_STYLE = Automatic;
				INFOPLIST_FILE = "Hypori-MHTests/Info.plist";
				LD_RUNPATH_SEARCH_PATHS = (
					"$(inherited)",
					"@executable_path/Frameworks",
					"@loader_path/Frameworks",
				);
				PRODUCT_BUNDLE_IDENTIFIER = "com.eldersoss.Hypori-MHTests";
				PRODUCT_NAME = "$(TARGET_NAME)";
				TARGETED_DEVICE_FAMILY = 1;
				TEST_HOST = "$(BUILT_PRODUCTS_DIR)/Hypori-MH.app/Hypori-MH";
			};
			name = Release;
		};
/* End XCBuildConfiguration section */

/* Begin XCConfigurationList section */
		E6E2786626AAE0CD002E58E9 /* Build configuration list for PBXProject "Hypori-MH" */ = {
			isa = XCConfigurationList;
			buildConfigurations = (
				E6E2789826AAE0D2002E58E9 /* Debug */,
				E6E2789926AAE0D2002E58E9 /* Release */,
			);
			defaultConfigurationIsVisible = 0;
			defaultConfigurationName = Release;
		};
		E6E2789A26AAE0D2002E58E9 /* Build configuration list for PBXNativeTarget "Hypori-MH" */ = {
			isa = XCConfigurationList;
			buildConfigurations = (
				E6E2789B26AAE0D2002E58E9 /* Debug */,
				E6E2789C26AAE0D2002E58E9 /* Release */,
			);
			defaultConfigurationIsVisible = 0;
			defaultConfigurationName = Release;
		};
		E6E2789D26AAE0D2002E58E9 /* Build configuration list for PBXNativeTarget "Hypori-MHTests" */ = {
			isa = XCConfigurationList;
			buildConfigurations = (
				E6E2789E26AAE0D2002E58E9 /* Debug */,
				E6E2789F26AAE0D2002E58E9 /* Release */,
			);
			defaultConfigurationIsVisible = 0;
			defaultConfigurationName = Release;
		};
/* End XCConfigurationList section */
	};
	rootObject = E6E2786326AAE0CD002E58E9 /* Project object */;
}
